
Microsoft Visual Studio Solution File, Format Version 12.00
# Visual Studio Version 17
VisualStudioVersion = 17.3.32922.545
MinimumVisualStudioVersion = 10.0.40219.1
Project("{FAE04EC0-301F-11D3-BF4B-00C04F79EFBC}") = "demo-grpc-svc", "demo-grpc-svc\demo-grpc-svc.csproj", "{5C259DFA-217B-4B90-AE7E-515C256AAE1E}"
EndProject
Global
	GlobalSection(SolutionConfigurationPlatforms) = preSolution
		Debug|Any CPU = Debug|Any CPU
		Release|Any CPU = Release|Any CPU
	EndGlobalSection
	GlobalSection(ProjectConfigurationPlatforms) = postSolution
		{5C259DFA-217B-4B90-AE7E-515C256AAE1E}.Debug|Any CPU.ActiveCfg = Debug|Any CPU
		{5C259DFA-217B-4B90-AE7E-515C256AAE1E}.Debug|Any CPU.Build.0 = Debug|Any CPU
		{5C259DFA-217B-4B90-AE7E-515C256AAE1E}.Release|Any CPU.ActiveCfg = Release|Any CPU
		{5C259DFA-217B-4B90-AE7E-515C256AAE1E}.Release|Any CPU.Build.0 = Release|Any CPU
	EndGlobalSection
	GlobalSection(SolutionProperties) = preSolution
		HideSolutionNode = FALSE
	EndGlobalSection
	GlobalSection(ExtensibilityGlobals) = postSolution
		SolutionGuid = {984755D4-A2DB-4C72-90F0-01AF94EA5AE7}
	EndGlobalSection
EndGlobal
