
Microsoft Visual Studio Solution File, Format Version 12.00
# Visual Studio Version 17
VisualStudioVersion = 17.3.32922.545
MinimumVisualStudioVersion = 10.0.40219.1
Project("{FAE04EC0-301F-11D3-BF4B-00C04F79EFBC}") = "RESTful-API", "RESTful-API\RESTful-API.csproj", "{4F88246B-EA70-4A60-A093-5D85A9635F27}"
EndProject
Global
	GlobalSection(SolutionConfigurationPlatforms) = preSolution
		Debug|Any CPU = Debug|Any CPU
		Release|Any CPU = Release|Any CPU
	EndGlobalSection
	GlobalSection(ProjectConfigurationPlatforms) = postSolution
		{4F88246B-EA70-4A60-A093-5D85A9635F27}.Debug|Any CPU.ActiveCfg = Debug|Any CPU
		{4F88246B-EA70-4A60-A093-5D85A9635F27}.Debug|Any CPU.Build.0 = Debug|Any CPU
		{4F88246B-EA70-4A60-A093-5D85A9635F27}.Release|Any CPU.ActiveCfg = Release|Any CPU
		{4F88246B-EA70-4A60-A093-5D85A9635F27}.Release|Any CPU.Build.0 = Release|Any CPU
	EndGlobalSection
	GlobalSection(SolutionProperties) = preSolution
		HideSolutionNode = FALSE
	EndGlobalSection
	GlobalSection(ExtensibilityGlobals) = postSolution
		SolutionGuid = {FA700272-9741-4A8F-BA79-4170BFE16AA2}
	EndGlobalSection
EndGlobal
